PODS:
  - Google-Mobile-Ads-SDK (11.2.0):
    - GoogleUserMessagingPlatform (>= 1.1)
  - GoogleUserMessagingPlatform (2.3.0)
  - KMPlaceholderTextView (1.4.0)
  - lottie-ios (4.4.1)
  - ObjectMapper (4.2.0)
  - PureLayout (3.1.9)
  - SDWebImage/Core (5.18.8)
  - SDWebImagePhotosPlugin (1.2.0):
    - SDWebImage/Core (~> 5.10)
  - SwiftyStoreKit (0.16.1)
  - TouchDraw (2.1.2)

DEPENDENCIES:
  - Google-Mobile-Ads-SDK
  - KMPlaceholderTextView
  - lottie-ios
  - ObjectMapper
  - PureLayout
  - SDWebImagePhotosPlugin
  - SwiftyStoreKit
  - TouchDraw

SPEC REPOS:
  trunk:
    - Google-Mobile-Ads-SDK
    - GoogleUserMessagingPlatform
    - KMPlaceholderTextView
    - lottie-ios
    - ObjectMapper
    - PureLayout
    - SDWebImage
    - SDWebImagePhotosPlugin
    - SwiftyStoreKit
    - TouchDraw

SPEC CHECKSUMS:
  Google-Mobile-Ads-SDK: 5a6d005a6cb5b5e8f4c7b69ca05cdea79c181139
  GoogleUserMessagingPlatform: b1ad7bb1ee3ce64749d4fec24f667b36e45c396c
  KMPlaceholderTextView: 2206c3df39979e9396e2d96fa9f427a8951121b0
  lottie-ios: e047b1d2e6239b787cc5e9755b988869cf190494
  ObjectMapper: 1eb41f610210777375fa806bf161dc39fb832b81
  PureLayout: 5fb5e5429519627d60d079ccb1eaa7265ce7cf88
  SDWebImage: a81bbb3ba4ea5f810f4069c68727cb118467a04a
  SDWebImagePhotosPlugin: 7d52495711a00637da16bbd7098a634f524c8d7e
  SwiftyStoreKit: 6b9c08810269f030586dac1fae8e75871a82e84a
  TouchDraw: 80b52af0e29354473205ffb478c881683d770475

PODFILE CHECKSUM: 35d09de53198d9c4f25924154e369c574eae1bbf

COCOAPODS: 1.16.2
